// !$*UTF8*$!
{
	archiveVersion = 1;
	classes = {
	};
	objectVersion = 46;
	objects = {

/* Begin PBXBuildFile section */
		031C701A1BFA218E00C79E28 /* TestHelper.swift in Sources */ = {isa = PBXBuildFile; fileRef = 031C70191BFA218E00C79E28 /* TestHelper.swift */; };
		031C701C1BFA268E00C79E28 /* OTDeserializedRegisteredPersonData.swift in Sources */ = {isa = PBXBuildFile; fileRef = 031C701B1BFA268E00C79E28 /* OTDeserializedRegisteredPersonData.swift */; };
		032A715A1C2BA2DC00217B03 /* OTCreateMeetingData.swift in Sources */ = {isa = PBXBuildFile; fileRef = 032A71591C2BA2DC00217B03 /* OTCreateMeetingData.swift */; };
		032A715F1C2BAB0F00217B03 /* OTMeetingAPI.swift in Sources */ = {isa = PBXBuildFile; fileRef = 032A715E1C2BAB0F00217B03 /* OTMeetingAPI.swift */; };
		032A71611C2BAEB400217B03 /* OTCreateMeetingResponse.swift in Sources */ = {isa = PBXBuildFile; fileRef = 032A71601C2BAEB400217B03 /* OTCreateMeetingResponse.swift */; };
		032A71631C2BAFBF00217B03 /* OTDeserializedCreateMeetingResponse.swift in Sources */ = {isa = PBXBuildFile; fileRef = 032A71621C2BAFBF00217B03 /* OTDeserializedCreateMeetingResponse.swift */; };
		032A71651C2EFCBC00217B03 /* OTGetAllMyMeetingsResponse.swift in Sources */ = {isa = PBXBuildFile; fileRef = 032A71641C2EFCBC00217B03 /* OTGetAllMyMeetingsResponse.swift */; };
		032A716E1C2F42F400217B03 /* OTMeetingStatusOption.swift in Sources */ = {isa = PBXBuildFile; fileRef = 032A716D1C2F42F400217B03 /* OTMeetingStatusOption.swift */; };
		032A71711C2F43DE00217B03 /* MeetingAttendeeStatusOption.swift in Sources */ = {isa = PBXBuildFile; fileRef = 032A71701C2F43DE00217B03 /* MeetingAttendeeStatusOption.swift */; };
		032A71751C2F9B7F00217B03 /* OTMeetingAttendeeAPI.swift in Sources */ = {isa = PBXBuildFile; fileRef = 032A71741C2F9B7F00217B03 /* OTMeetingAttendeeAPI.swift */; };
		032A71781C2F9C3E00217B03 /* OTSetMeetingAttendeeData.swift in Sources */ = {isa = PBXBuildFile; fileRef = 032A71771C2F9C3E00217B03 /* OTSetMeetingAttendeeData.swift */; };
		032A717A1C2F9CA300217B03 /* OTSetMeetingAttendeeResponse.swift in Sources */ = {isa = PBXBuildFile; fileRef = 032A71791C2F9CA300217B03 /* OTSetMeetingAttendeeResponse.swift */; };
		032A71871C3053AC00217B03 /* OTDeserializedLocation.swift in Sources */ = {isa = PBXBuildFile; fileRef = 032A71861C3053AC00217B03 /* OTDeserializedLocation.swift */; };
		032A71891C3053CC00217B03 /* OTDeserializedMeeting.swift in Sources */ = {isa = PBXBuildFile; fileRef = 032A71881C3053CC00217B03 /* OTDeserializedMeeting.swift */; };
		032A718B1C3053F900217B03 /* OTDeserializedMeetingAttendee.swift in Sources */ = {isa = PBXBuildFile; fileRef = 032A718A1C3053F900217B03 /* OTDeserializedMeetingAttendee.swift */; };
		032A718D1C30541D00217B03 /* AvailabilityStatusOption.swift in Sources */ = {isa = PBXBuildFile; fileRef = 032A718C1C30541D00217B03 /* AvailabilityStatusOption.swift */; };
		036D4D241CA1030300B84174 /* cert_invalid.der in Resources */ = {isa = PBXBuildFile; fileRef = 036D4D221CA1030300B84174 /* cert_invalid.der */; };
		036D4D251CA1030300B84174 /* cert.der in Resources */ = {isa = PBXBuildFile; fileRef = 036D4D231CA1030300B84174 /* cert.der */; };
		039C1B9D1C9E0E6B0088E15A /* OTOrganizationAPI.swift in Sources */ = {isa = PBXBuildFile; fileRef = 039C1B9C1C9E0E6B0088E15A /* OTOrganizationAPI.swift */; };
		039C1BA01C9E0F1F0088E15A /* OTGetMyOrganizationsResponse.swift in Sources */ = {isa = PBXBuildFile; fileRef = 039C1B9F1C9E0F1F0088E15A /* OTGetMyOrganizationsResponse.swift */; };
		039C1BA21C9E107F0088E15A /* OTDeserializedOrganization.swift in Sources */ = {isa = PBXBuildFile; fileRef = 039C1BA11C9E107F0088E15A /* OTDeserializedOrganization.swift */; };
		039C1BA41C9E12CA0088E15A /* OTDeserializer.swift in Sources */ = {isa = PBXBuildFile; fileRef = 039C1BA31C9E12CA0088E15A /* OTDeserializer.swift */; };
		039C1BA61C9E13F70088E15A /* OTDeserializationHelper.swift in Sources */ = {isa = PBXBuildFile; fileRef = 039C1BA51C9E13F70088E15A /* OTDeserializationHelper.swift */; };
		039C1BA81C9E24A30088E15A /* OTOrganizationAPITest.swift in Sources */ = {isa = PBXBuildFile; fileRef = 039C1BA71C9E24A30088E15A /* OTOrganizationAPITest.swift */; };
		039C1BAA1C9E25350088E15A /* OTAPITest.swift in Sources */ = {isa = PBXBuildFile; fileRef = 039C1BA91C9E25350088E15A /* OTAPITest.swift */; };
		03A136991BDC57F00005A721 /* OpenTimeSDK.h in Headers */ = {isa = PBXBuildFile; fileRef = 03A136981BDC57F00005A721 /* OpenTimeSDK.h */; settings = {ATTRIBUTES = (Public, ); }; };
		03A136A01BDC57F00005A721 /* OpenTimeSDK.framework in Frameworks */ = {isa = PBXBuildFile; fileRef = 03A136951BDC57F00005A721 /* OpenTimeSDK.framework */; };
		03A136FA1BDC622A0005A721 /* OTStringExtension.swift in Sources */ = {isa = PBXBuildFile; fileRef = 03A136F91BDC622A0005A721 /* OTStringExtension.swift */; };
		03A136FD1BDC65DB0005A721 /* OTConstant.swift in Sources */ = {isa = PBXBuildFile; fileRef = 03A136FC1BDC65DB0005A721 /* OTConstant.swift */; };
		03A136FF1BDC66D40005A721 /* OTArrayExtension.swift in Sources */ = {isa = PBXBuildFile; fileRef = 03A136FE1BDC66D40005A721 /* OTArrayExtension.swift */; };
		03A1370C1BDD15680005A721 /* OTAvailabilityAPITest.swift in Sources */ = {isa = PBXBuildFile; fileRef = 03A1370B1BDD15680005A721 /* OTAvailabilityAPITest.swift */; };
		03A137131BDD159E0005A721 /* OTConnectionAPITest.swift in Sources */ = {isa = PBXBuildFile; fileRef = 03A1370E1BDD159E0005A721 /* OTConnectionAPITest.swift */; };
		03A137141BDD159E0005A721 /* OTDeviceAPITest.swift in Sources */ = {isa = PBXBuildFile; fileRef = 03A1370F1BDD159E0005A721 /* OTDeviceAPITest.swift */; };
		03A137151BDD159E0005A721 /* OTMeetingAPITest.swift in Sources */ = {isa = PBXBuildFile; fileRef = 03A137101BDD159E0005A721 /* OTMeetingAPITest.swift */; };
		03A137161BDD159E0005A721 /* OTMeetingAttendeeAPITest.swift in Sources */ = {isa = PBXBuildFile; fileRef = 03A137111BDD159E0005A721 /* OTMeetingAttendeeAPITest.swift */; };
		03A137171BDD159E0005A721 /* OTPersonAPITest.swift in Sources */ = {isa = PBXBuildFile; fileRef = 03A137121BDD159E0005A721 /* OTPersonAPITest.swift */; };
		03A137441BDD23E20005A721 /* OTAvailabilityAPI.swift in Sources */ = {isa = PBXBuildFile; fileRef = 03A137211BDD23E20005A721 /* OTAvailabilityAPI.swift */; };
		03A137451BDD23E20005A721 /* OTConnectionAPI.swift in Sources */ = {isa = PBXBuildFile; fileRef = 03A137221BDD23E20005A721 /* OTConnectionAPI.swift */; };
		03A137461BDD23E20005A721 /* OTConnectionsResponse.swift in Sources */ = {isa = PBXBuildFile; fileRef = 03A137231BDD23E20005A721 /* OTConnectionsResponse.swift */; };
		03A137471BDD23E20005A721 /* OTConnectionStatusOption.swift in Sources */ = {isa = PBXBuildFile; fileRef = 03A137241BDD23E20005A721 /* OTConnectionStatusOption.swift */; };
		03A137481BDD23E20005A721 /* OTContactInfoData.swift in Sources */ = {isa = PBXBuildFile; fileRef = 03A137251BDD23E20005A721 /* OTContactInfoData.swift */; };
		03A137491BDD23E20005A721 /* OTDeserializedConnection.swift in Sources */ = {isa = PBXBuildFile; fileRef = 03A137261BDD23E20005A721 /* OTDeserializedConnection.swift */; };
		03A1374A1BDD23E20005A721 /* OTDeserializedConnectionAvailability.swift in Sources */ = {isa = PBXBuildFile; fileRef = 03A137271BDD23E20005A721 /* OTDeserializedConnectionAvailability.swift */; };
		03A1374B1BDD23E20005A721 /* OTDeserializedOneTimeAvailability.swift in Sources */ = {isa = PBXBuildFile; fileRef = 03A137281BDD23E20005A721 /* OTDeserializedOneTimeAvailability.swift */; };
		03A1374C1BDD23E20005A721 /* OTDeserializedPerson.swift in Sources */ = {isa = PBXBuildFile; fileRef = 03A137291BDD23E20005A721 /* OTDeserializedPerson.swift */; };
		03A1374E1BDD23E20005A721 /* OTGetAllMyAvailabilityResponse.swift in Sources */ = {isa = PBXBuildFile; fileRef = 03A1372B1BDD23E20005A721 /* OTGetAllMyAvailabilityResponse.swift */; };
		03A1374F1BDD23E20005A721 /* OTGetConnectionsAvailabilityResponse.swift in Sources */ = {isa = PBXBuildFile; fileRef = 03A1372C1BDD23E20005A721 /* OTGetConnectionsAvailabilityResponse.swift */; };
		03A137501BDD23E20005A721 /* OTGetConnectionsWithContactInfoData.swift in Sources */ = {isa = PBXBuildFile; fileRef = 03A1372D1BDD23E20005A721 /* OTGetConnectionsWithContactInfoData.swift */; };
		03A137511BDD23E20005A721 /* OTNewPersonData.swift in Sources */ = {isa = PBXBuildFile; fileRef = 03A1372E1BDD23E20005A721 /* OTNewPersonData.swift */; };
		03A137521BDD23E20005A721 /* OpenTimeAlias.swift in Sources */ = {isa = PBXBuildFile; fileRef = 03A1372F1BDD23E20005A721 /* OpenTimeAlias.swift */; };
		03A137571BDD23E20005A721 /* OTPersonAPI.swift in Sources */ = {isa = PBXBuildFile; fileRef = 03A137341BDD23E20005A721 /* OTPersonAPI.swift */; };
		03A137581BDD23E20005A721 /* OTPersonValidationHelper.swift in Sources */ = {isa = PBXBuildFile; fileRef = 03A137351BDD23E20005A721 /* OTPersonValidationHelper.swift */; };
		03A1375A1BDD23E20005A721 /* OTRegisterPersonResponse.swift in Sources */ = {isa = PBXBuildFile; fileRef = 03A137371BDD23E20005A721 /* OTRegisterPersonResponse.swift */; };
		03A1375B1BDD23E20005A721 /* OTRemoveOneTimeAvailability.swift in Sources */ = {isa = PBXBuildFile; fileRef = 03A137381BDD23E20005A721 /* OTRemoveOneTimeAvailability.swift */; };
		03A1375C1BDD23E20005A721 /* OTSerialHelper.swift in Sources */ = {isa = PBXBuildFile; fileRef = 03A137391BDD23E20005A721 /* OTSerialHelper.swift */; };
		03A1375D1BDD23E20005A721 /* OTSetConnectionData.swift in Sources */ = {isa = PBXBuildFile; fileRef = 03A1373A1BDD23E20005A721 /* OTSetConnectionData.swift */; };
		03A1375E1BDD23E20005A721 /* OTSetConnectionResponse.swift in Sources */ = {isa = PBXBuildFile; fileRef = 03A1373B1BDD23E20005A721 /* OTSetConnectionResponse.swift */; };
		03A1375F1BDD23E20005A721 /* OTSetOneTimeAvailabilityData.swift in Sources */ = {isa = PBXBuildFile; fileRef = 03A1373C1BDD23E20005A721 /* OTSetOneTimeAvailabilityData.swift */; };
		03A137601BDD23E20005A721 /* OTSigninData.swift in Sources */ = {isa = PBXBuildFile; fileRef = 03A1373D1BDD23E20005A721 /* OTSigninData.swift */; };
		03A137611BDD23E20005A721 /* OTSigninResponse.swift in Sources */ = {isa = PBXBuildFile; fileRef = 03A1373E1BDD23E20005A721 /* OTSigninResponse.swift */; };
		03A137661BDD2BAD0005A721 /* OpenTimeSDKTestConstants.swift in Sources */ = {isa = PBXBuildFile; fileRef = 03A137651BDD2BAD0005A721 /* OpenTimeSDKTestConstants.swift */; };
		03A137681BDD2FEB0005A721 /* Config.plist in Resources */ = {isa = PBXBuildFile; fileRef = 03A137671BDD2FEB0005A721 /* Config.plist */; };
		03BC97D21C35D3EC00E87B54 /* OTDeserializedAvailabilityException.swift in Sources */ = {isa = PBXBuildFile; fileRef = 03BC97D11C35D3EC00E87B54 /* OTDeserializedAvailabilityException.swift */; };
		03BC97D61C35DA8F00E87B54 /* OTDeserializedAvailability.swift in Sources */ = {isa = PBXBuildFile; fileRef = 03BC97D51C35DA8F00E87B54 /* OTDeserializedAvailability.swift */; };
		03E5E4711C3F9E8500C69840 /* OTUpdatePasswordRequest.swift in Sources */ = {isa = PBXBuildFile; fileRef = 03E5E4701C3F9E8500C69840 /* OTUpdatePasswordRequest.swift */; };
		03F294DB1BDD435700B8DBB0 /* OTPasswordHelper.swift in Sources */ = {isa = PBXBuildFile; fileRef = 03F294DA1BDD435700B8DBB0 /* OTPasswordHelper.swift */; };
		03F294DD1BDD437400B8DBB0 /* OTPhoneHelper.swift in Sources */ = {isa = PBXBuildFile; fileRef = 03F294DC1BDD437400B8DBB0 /* OTPhoneHelper.swift */; };
		03F294DF1BDD438100B8DBB0 /* OTStringHelper.swift in Sources */ = {isa = PBXBuildFile; fileRef = 03F294DE1BDD438100B8DBB0 /* OTStringHelper.swift */; };
		03F2950C1BDD547100B8DBB0 /* OTTestHelper.swift in Sources */ = {isa = PBXBuildFile; fileRef = 03F2950B1BDD547100B8DBB0 /* OTTestHelper.swift */; };
		03F2953B1BDD60CB00B8DBB0 /* OTAPIAuthorizedRequestOperationManager.swift in Sources */ = {isa = PBXBuildFile; fileRef = 03F295341BDD60CB00B8DBB0 /* OTAPIAuthorizedRequestOperationManager.swift */; };
		03F2953C1BDD60CB00B8DBB0 /* OTAPIRawResponse.swift in Sources */ = {isa = PBXBuildFile; fileRef = 03F295351BDD60CB00B8DBB0 /* OTAPIRawResponse.swift */; };
		03F2953D1BDD60CB00B8DBB0 /* OTAPIRequestOperationManager.swift in Sources */ = {isa = PBXBuildFile; fileRef = 03F295361BDD60CB00B8DBB0 /* OTAPIRequestOperationManager.swift */; };
		03F2953E1BDD60CB00B8DBB0 /* OTAPIResponse.swift in Sources */ = {isa = PBXBuildFile; fileRef = 03F295371BDD60CB00B8DBB0 /* OTAPIResponse.swift */; };
		03F2953F1BDD60CB00B8DBB0 /* OTDeviceAPI.swift in Sources */ = {isa = PBXBuildFile; fileRef = 03F295381BDD60CB00B8DBB0 /* OTDeviceAPI.swift */; };
		03F295401BDD60CB00B8DBB0 /* OTOpenTimeSDK.swift in Sources */ = {isa = PBXBuildFile; fileRef = 03F295391BDD60CB00B8DBB0 /* OTOpenTimeSDK.swift */; };
		03F295411BDD60CB00B8DBB0 /* OTReachability.swift in Sources */ = {isa = PBXBuildFile; fileRef = 03F2953A1BDD60CB00B8DBB0 /* OTReachability.swift */; };
		CED1E0DC3E80C1E296E9214A /* Pods.framework in Frameworks */ = {isa = PBXBuildFile; fileRef = B846C29894A963F70CE79683 /* Pods.framework */; };
/* End PBXBuildFile section */

/* Begin PBXContainerItemProxy section */
		03A136A11BDC57F00005A721 /* PBXContainerItemProxy */ = {
			isa = PBXContainerItemProxy;
			containerPortal = 03A1368C1BDC57EF0005A721 /* Project object */;
			proxyType = 1;
			remoteGlobalIDString = 03A136941BDC57F00005A721;
			remoteInfo = OpenTimeSDK;
		};
/* End PBXContainerItemProxy section */

/* Begin PBXFileReference section */
		031C70191BFA218E00C79E28 /* TestHelper.swift */ = {isa = PBXFileReference; fileEncoding = 4; lastKnownFileType = sourcecode.swift; path = TestHelper.swift; sourceTree = "<group>"; };
		031C701B1BFA268E00C79E28 /* OTDeserializedRegisteredPersonData.swift */ = {isa = PBXFileReference; fileEncoding = 4; lastKnownFileType = sourcecode.swift; name = OTDeserializedRegisteredPersonData.swift; path = OpenTimeSDK/OTDeserializedRegisteredPersonData.swift; sourceTree = "<group>"; };
		032A71591C2BA2DC00217B03 /* OTCreateMeetingData.swift */ = {isa = PBXFileReference; fileEncoding = 4; lastKnownFileType = sourcecode.swift; path = OTCreateMeetingData.swift; sourceTree = "<group>"; };
		032A715E1C2BAB0F00217B03 /* OTMeetingAPI.swift */ = {isa = PBXFileReference; fileEncoding = 4; lastKnownFileType = sourcecode.swift; path = OTMeetingAPI.swift; sourceTree = "<group>"; };
		032A71601C2BAEB400217B03 /* OTCreateMeetingResponse.swift */ = {isa = PBXFileReference; fileEncoding = 4; lastKnownFileType = sourcecode.swift; path = OTCreateMeetingResponse.swift; sourceTree = "<group>"; };
		032A71621C2BAFBF00217B03 /* OTDeserializedCreateMeetingResponse.swift */ = {isa = PBXFileReference; fileEncoding = 4; lastKnownFileType = sourcecode.swift; name = OTDeserializedCreateMeetingResponse.swift; path = OpenTimeSDK/OTDeserializedCreateMeetingResponse.swift; sourceTree = "<group>"; };
		032A71641C2EFCBC00217B03 /* OTGetAllMyMeetingsResponse.swift */ = {isa = PBXFileReference; fileEncoding = 4; lastKnownFileType = sourcecode.swift; path = OTGetAllMyMeetingsResponse.swift; sourceTree = "<group>"; };
		032A716D1C2F42F400217B03 /* OTMeetingStatusOption.swift */ = {isa = PBXFileReference; fileEncoding = 4; lastKnownFileType = sourcecode.swift; path = OTMeetingStatusOption.swift; sourceTree = "<group>"; };
		032A71701C2F43DE00217B03 /* MeetingAttendeeStatusOption.swift */ = {isa = PBXFileReference; fileEncoding = 4; lastKnownFileType = sourcecode.swift; path = MeetingAttendeeStatusOption.swift; sourceTree = "<group>"; };
		032A71741C2F9B7F00217B03 /* OTMeetingAttendeeAPI.swift */ = {isa = PBXFileReference; fileEncoding = 4; lastKnownFileType = sourcecode.swift; path = OTMeetingAttendeeAPI.swift; sourceTree = "<group>"; };
		032A71771C2F9C3E00217B03 /* OTSetMeetingAttendeeData.swift */ = {isa = PBXFileReference; fileEncoding = 4; lastKnownFileType = sourcecode.swift; path = OTSetMeetingAttendeeData.swift; sourceTree = "<group>"; };
		032A71791C2F9CA300217B03 /* OTSetMeetingAttendeeResponse.swift */ = {isa = PBXFileReference; fileEncoding = 4; lastKnownFileType = sourcecode.swift; path = OTSetMeetingAttendeeResponse.swift; sourceTree = "<group>"; };
		032A71861C3053AC00217B03 /* OTDeserializedLocation.swift */ = {isa = PBXFileReference; fileEncoding = 4; lastKnownFileType = sourcecode.swift; name = OTDeserializedLocation.swift; path = OpenTimeSDK/OTDeserializedLocation.swift; sourceTree = "<group>"; };
		032A71881C3053CC00217B03 /* OTDeserializedMeeting.swift */ = {isa = PBXFileReference; fileEncoding = 4; lastKnownFileType = sourcecode.swift; name = OTDeserializedMeeting.swift; path = OpenTimeSDK/OTDeserializedMeeting.swift; sourceTree = "<group>"; };
		032A718A1C3053F900217B03 /* OTDeserializedMeetingAttendee.swift */ = {isa = PBXFileReference; fileEncoding = 4; lastKnownFileType = sourcecode.swift; name = OTDeserializedMeetingAttendee.swift; path = OpenTimeSDK/OTDeserializedMeetingAttendee.swift; sourceTree = "<group>"; };
		032A718C1C30541D00217B03 /* AvailabilityStatusOption.swift */ = {isa = PBXFileReference; fileEncoding = 4; lastKnownFileType = sourcecode.swift; name = AvailabilityStatusOption.swift; path = OpenTimeSDK/AvailabilityStatusOption.swift; sourceTree = "<group>"; };
		036D4D221CA1030300B84174 /* cert_invalid.der */ = {isa = PBXFileReference; lastKnownFileType = file; name = cert_invalid.der; path = OpenTimeSDK/cert_invalid.der; sourceTree = SOURCE_ROOT; };
		036D4D231CA1030300B84174 /* cert.der */ = {isa = PBXFileReference; lastKnownFileType = file; name = cert.der; path = OpenTimeSDK/cert.der; sourceTree = SOURCE_ROOT; };
		039C1B9C1C9E0E6B0088E15A /* OTOrganizationAPI.swift */ = {isa = PBXFileReference; fileEncoding = 4; lastKnownFileType = sourcecode.swift; path = OTOrganizationAPI.swift; sourceTree = "<group>"; };
		039C1B9F1C9E0F1F0088E15A /* OTGetMyOrganizationsResponse.swift */ = {isa = PBXFileReference; fileEncoding = 4; lastKnownFileType = sourcecode.swift; path = OTGetMyOrganizationsResponse.swift; sourceTree = "<group>"; };
		039C1BA11C9E107F0088E15A /* OTDeserializedOrganization.swift */ = {isa = PBXFileReference; fileEncoding = 4; lastKnownFileType = sourcecode.swift; name = OTDeserializedOrganization.swift; path = OpenTimeSDK/OTDeserializedOrganization.swift; sourceTree = "<group>"; };
		039C1BA31C9E12CA0088E15A /* OTDeserializer.swift */ = {isa = PBXFileReference; fileEncoding = 4; lastKnownFileType = sourcecode.swift; name = OTDeserializer.swift; path = OpenTimeSDK/OTDeserializer.swift; sourceTree = "<group>"; };
		039C1BA51C9E13F70088E15A /* OTDeserializationHelper.swift */ = {isa = PBXFileReference; fileEncoding = 4; lastKnownFileType = sourcecode.swift; path = OTDeserializationHelper.swift; sourceTree = "<group>"; };
		039C1BA71C9E24A30088E15A /* OTOrganizationAPITest.swift */ = {isa = PBXFileReference; fileEncoding = 4; lastKnownFileType = sourcecode.swift; path = OTOrganizationAPITest.swift; sourceTree = "<group>"; };
		039C1BA91C9E25350088E15A /* OTAPITest.swift */ = {isa = PBXFileReference; fileEncoding = 4; lastKnownFileType = sourcecode.swift; path = OTAPITest.swift; sourceTree = "<group>"; };
		03A136951BDC57F00005A721 /* OpenTimeSDK.framework */ = {isa = PBXFileReference; explicitFileType = wrapper.framework; includeInIndex = 0; path = OpenTimeSDK.framework; sourceTree = BUILT_PRODUCTS_DIR; };
		03A136981BDC57F00005A721 /* OpenTimeSDK.h */ = {isa = PBXFileReference; lastKnownFileType = sourcecode.c.h; path = OpenTimeSDK.h; sourceTree = "<group>"; };
		03A1369A1BDC57F00005A721 /* Info.plist */ = {isa = PBXFileReference; lastKnownFileType = text.plist.xml; path = Info.plist; sourceTree = "<group>"; };
		03A1369F1BDC57F00005A721 /* OpenTimeSDKTests.xctest */ = {isa = PBXFileReference; explicitFileType = wrapper.cfbundle; includeInIndex = 0; path = OpenTimeSDKTests.xctest; sourceTree = BUILT_PRODUCTS_DIR; };
		03A136A61BDC57F00005A721 /* Info.plist */ = {isa = PBXFileReference; lastKnownFileType = text.plist.xml; path = Info.plist; sourceTree = "<group>"; };
		03A136F91BDC622A0005A721 /* OTStringExtension.swift */ = {isa = PBXFileReference; fileEncoding = 4; lastKnownFileType = sourcecode.swift; path = OTStringExtension.swift; sourceTree = "<group>"; };
		03A136FC1BDC65DB0005A721 /* OTConstant.swift */ = {isa = PBXFileReference; fileEncoding = 4; lastKnownFileType = sourcecode.swift; name = OTConstant.swift; path = OpenTimeSDK/OTConstant.swift; sourceTree = "<group>"; };
		03A136FE1BDC66D40005A721 /* OTArrayExtension.swift */ = {isa = PBXFileReference; fileEncoding = 4; lastKnownFileType = sourcecode.swift; path = OTArrayExtension.swift; sourceTree = "<group>"; };
		03A1370A1BDD15680005A721 /* OpenTimeSDKTests-Bridging-Header.h */ = {isa = PBXFileReference; lastKnownFileType = sourcecode.c.h; path = "OpenTimeSDKTests-Bridging-Header.h"; sourceTree = "<group>"; };
		03A1370B1BDD15680005A721 /* OTAvailabilityAPITest.swift */ = {isa = PBXFileReference; fileEncoding = 4; lastKnownFileType = sourcecode.swift; path = OTAvailabilityAPITest.swift; sourceTree = "<group>"; };
		03A1370E1BDD159E0005A721 /* OTConnectionAPITest.swift */ = {isa = PBXFileReference; fileEncoding = 4; lastKnownFileType = sourcecode.swift; path = OTConnectionAPITest.swift; sourceTree = "<group>"; };
		03A1370F1BDD159E0005A721 /* OTDeviceAPITest.swift */ = {isa = PBXFileReference; fileEncoding = 4; lastKnownFileType = sourcecode.swift; path = OTDeviceAPITest.swift; sourceTree = "<group>"; };
		03A137101BDD159E0005A721 /* OTMeetingAPITest.swift */ = {isa = PBXFileReference; fileEncoding = 4; lastKnownFileType = sourcecode.swift; path = OTMeetingAPITest.swift; sourceTree = "<group>"; };
		03A137111BDD159E0005A721 /* OTMeetingAttendeeAPITest.swift */ = {isa = PBXFileReference; fileEncoding = 4; lastKnownFileType = sourcecode.swift; path = OTMeetingAttendeeAPITest.swift; sourceTree = "<group>"; };
		03A137121BDD159E0005A721 /* OTPersonAPITest.swift */ = {isa = PBXFileReference; fileEncoding = 4; lastKnownFileType = sourcecode.swift; path = OTPersonAPITest.swift; sourceTree = "<group>"; };
		03A137211BDD23E20005A721 /* OTAvailabilityAPI.swift */ = {isa = PBXFileReference; fileEncoding = 4; lastKnownFileType = sourcecode.swift; name = OTAvailabilityAPI.swift; path = OpenTimeSDK/OTAvailabilityAPI.swift; sourceTree = "<group>"; };
		03A137221BDD23E20005A721 /* OTConnectionAPI.swift */ = {isa = PBXFileReference; fileEncoding = 4; lastKnownFileType = sourcecode.swift; name = OTConnectionAPI.swift; path = OpenTimeSDK/OTConnectionAPI.swift; sourceTree = "<group>"; };
		03A137231BDD23E20005A721 /* OTConnectionsResponse.swift */ = {isa = PBXFileReference; fileEncoding = 4; lastKnownFileType = sourcecode.swift; name = OTConnectionsResponse.swift; path = OpenTimeSDK/OTConnectionsResponse.swift; sourceTree = "<group>"; };
		03A137241BDD23E20005A721 /* OTConnectionStatusOption.swift */ = {isa = PBXFileReference; fileEncoding = 4; lastKnownFileType = sourcecode.swift; name = OTConnectionStatusOption.swift; path = OpenTimeSDK/OTConnectionStatusOption.swift; sourceTree = "<group>"; };
		03A137251BDD23E20005A721 /* OTContactInfoData.swift */ = {isa = PBXFileReference; fileEncoding = 4; lastKnownFileType = sourcecode.swift; name = OTContactInfoData.swift; path = OpenTimeSDK/OTContactInfoData.swift; sourceTree = "<group>"; };
		03A137261BDD23E20005A721 /* OTDeserializedConnection.swift */ = {isa = PBXFileReference; fileEncoding = 4; lastKnownFileType = sourcecode.swift; name = OTDeserializedConnection.swift; path = OpenTimeSDK/OTDeserializedConnection.swift; sourceTree = "<group>"; };
		03A137271BDD23E20005A721 /* OTDeserializedConnectionAvailability.swift */ = {isa = PBXFileReference; fileEncoding = 4; lastKnownFileType = sourcecode.swift; name = OTDeserializedConnectionAvailability.swift; path = OpenTimeSDK/OTDeserializedConnectionAvailability.swift; sourceTree = "<group>"; };
		03A137281BDD23E20005A721 /* OTDeserializedOneTimeAvailability.swift */ = {isa = PBXFileReference; fileEncoding = 4; lastKnownFileType = sourcecode.swift; name = OTDeserializedOneTimeAvailability.swift; path = OpenTimeSDK/OTDeserializedOneTimeAvailability.swift; sourceTree = "<group>"; };
		03A137291BDD23E20005A721 /* OTDeserializedPerson.swift */ = {isa = PBXFileReference; fileEncoding = 4; lastKnownFileType = sourcecode.swift; name = OTDeserializedPerson.swift; path = OpenTimeSDK/OTDeserializedPerson.swift; sourceTree = "<group>"; };
		03A1372B1BDD23E20005A721 /* OTGetAllMyAvailabilityResponse.swift */ = {isa = PBXFileReference; fileEncoding = 4; lastKnownFileType = sourcecode.swift; name = OTGetAllMyAvailabilityResponse.swift; path = OpenTimeSDK/OTGetAllMyAvailabilityResponse.swift; sourceTree = "<group>"; };
		03A1372C1BDD23E20005A721 /* OTGetConnectionsAvailabilityResponse.swift */ = {isa = PBXFileReference; fileEncoding = 4; lastKnownFileType = sourcecode.swift; name = OTGetConnectionsAvailabilityResponse.swift; path = OpenTimeSDK/OTGetConnectionsAvailabilityResponse.swift; sourceTree = "<group>"; };
		03A1372D1BDD23E20005A721 /* OTGetConnectionsWithContactInfoData.swift */ = {isa = PBXFileReference; fileEncoding = 4; lastKnownFileType = sourcecode.swift; name = OTGetConnectionsWithContactInfoData.swift; path = OpenTimeSDK/OTGetConnectionsWithContactInfoData.swift; sourceTree = "<group>"; };
		03A1372E1BDD23E20005A721 /* OTNewPersonData.swift */ = {isa = PBXFileReference; fileEncoding = 4; lastKnownFileType = sourcecode.swift; name = OTNewPersonData.swift; path = OpenTimeSDK/OTNewPersonData.swift; sourceTree = "<group>"; };
		03A1372F1BDD23E20005A721 /* OpenTimeAlias.swift */ = {isa = PBXFileReference; fileEncoding = 4; lastKnownFileType = sourcecode.swift; path = OpenTimeAlias.swift; sourceTree = "<group>"; };
		03A137341BDD23E20005A721 /* OTPersonAPI.swift */ = {isa = PBXFileReference; fileEncoding = 4; lastKnownFileType = sourcecode.swift; name = OTPersonAPI.swift; path = OpenTimeSDK/OTPersonAPI.swift; sourceTree = "<group>"; };
		03A137351BDD23E20005A721 /* OTPersonValidationHelper.swift */ = {isa = PBXFileReference; fileEncoding = 4; lastKnownFileType = sourcecode.swift; name = OTPersonValidationHelper.swift; path = OpenTimeSDK/OTPersonValidationHelper.swift; sourceTree = "<group>"; };
		03A137371BDD23E20005A721 /* OTRegisterPersonResponse.swift */ = {isa = PBXFileReference; fileEncoding = 4; lastKnownFileType = sourcecode.swift; name = OTRegisterPersonResponse.swift; path = OpenTimeSDK/OTRegisterPersonResponse.swift; sourceTree = "<group>"; };
		03A137381BDD23E20005A721 /* OTRemoveOneTimeAvailability.swift */ = {isa = PBXFileReference; fileEncoding = 4; lastKnownFileType = sourcecode.swift; name = OTRemoveOneTimeAvailability.swift; path = OpenTimeSDK/OTRemoveOneTimeAvailability.swift; sourceTree = "<group>"; };
		03A137391BDD23E20005A721 /* OTSerialHelper.swift */ = {isa = PBXFileReference; fileEncoding = 4; lastKnownFileType = sourcecode.swift; path = OTSerialHelper.swift; sourceTree = "<group>"; };
		03A1373A1BDD23E20005A721 /* OTSetConnectionData.swift */ = {isa = PBXFileReference; fileEncoding = 4; lastKnownFileType = sourcecode.swift; name = OTSetConnectionData.swift; path = OpenTimeSDK/OTSetConnectionData.swift; sourceTree = "<group>"; };
		03A1373B1BDD23E20005A721 /* OTSetConnectionResponse.swift */ = {isa = PBXFileReference; fileEncoding = 4; lastKnownFileType = sourcecode.swift; name = OTSetConnectionResponse.swift; path = OpenTimeSDK/OTSetConnectionResponse.swift; sourceTree = "<group>"; };
		03A1373C1BDD23E20005A721 /* OTSetOneTimeAvailabilityData.swift */ = {isa = PBXFileReference; fileEncoding = 4; lastKnownFileType = sourcecode.swift; name = OTSetOneTimeAvailabilityData.swift; path = OpenTimeSDK/OTSetOneTimeAvailabilityData.swift; sourceTree = "<group>"; };
		03A1373D1BDD23E20005A721 /* OTSigninData.swift */ = {isa = PBXFileReference; fileEncoding = 4; lastKnownFileType = sourcecode.swift; name = OTSigninData.swift; path = OpenTimeSDK/OTSigninData.swift; sourceTree = "<group>"; };
		03A1373E1BDD23E20005A721 /* OTSigninResponse.swift */ = {isa = PBXFileReference; fileEncoding = 4; lastKnownFileType = sourcecode.swift; name = OTSigninResponse.swift; path = OpenTimeSDK/OTSigninResponse.swift; sourceTree = "<group>"; };
		03A137651BDD2BAD0005A721 /* OpenTimeSDKTestConstants.swift */ = {isa = PBXFileReference; fileEncoding = 4; lastKnownFileType = sourcecode.swift; path = OpenTimeSDKTestConstants.swift; sourceTree = "<group>"; };
		03A137671BDD2FEB0005A721 /* Config.plist */ = {isa = PBXFileReference; fileEncoding = 4; lastKnownFileType = text.plist.xml; path = Config.plist; sourceTree = "<group>"; };
		03BC97D11C35D3EC00E87B54 /* OTDeserializedAvailabilityException.swift */ = {isa = PBXFileReference; fileEncoding = 4; lastKnownFileType = sourcecode.swift; name = OTDeserializedAvailabilityException.swift; path = OpenTimeSDK/OTDeserializedAvailabilityException.swift; sourceTree = "<group>"; };
		03BC97D51C35DA8F00E87B54 /* OTDeserializedAvailability.swift */ = {isa = PBXFileReference; fileEncoding = 4; lastKnownFileType = sourcecode.swift; name = OTDeserializedAvailability.swift; path = OpenTimeSDK/OTDeserializedAvailability.swift; sourceTree = "<group>"; };
		03E5E4701C3F9E8500C69840 /* OTUpdatePasswordRequest.swift */ = {isa = PBXFileReference; fileEncoding = 4; lastKnownFileType = sourcecode.swift; name = OTUpdatePasswordRequest.swift; path = OpenTimeSDK/OTUpdatePasswordRequest.swift; sourceTree = "<group>"; };
		03F294DA1BDD435700B8DBB0 /* OTPasswordHelper.swift */ = {isa = PBXFileReference; fileEncoding = 4; lastKnownFileType = sourcecode.swift; path = OTPasswordHelper.swift; sourceTree = "<group>"; };
		03F294DC1BDD437400B8DBB0 /* OTPhoneHelper.swift */ = {isa = PBXFileReference; fileEncoding = 4; lastKnownFileType = sourcecode.swift; path = OTPhoneHelper.swift; sourceTree = "<group>"; };
		03F294DE1BDD438100B8DBB0 /* OTStringHelper.swift */ = {isa = PBXFileReference; fileEncoding = 4; lastKnownFileType = sourcecode.swift; path = OTStringHelper.swift; sourceTree = "<group>"; };
		03F2950B1BDD547100B8DBB0 /* OTTestHelper.swift */ = {isa = PBXFileReference; fileEncoding = 4; lastKnownFileType = sourcecode.swift; name = OTTestHelper.swift; path = OpenTimeSDK/OTTestHelper.swift; sourceTree = "<group>"; };
		03F295341BDD60CB00B8DBB0 /* OTAPIAuthorizedRequestOperationManager.swift */ = {isa = PBXFileReference; fileEncoding = 4; lastKnownFileType = sourcecode.swift; name = OTAPIAuthorizedRequestOperationManager.swift; path = OpenTimeSDK/OTAPIAuthorizedRequestOperationManager.swift; sourceTree = "<group>"; };
		03F295351BDD60CB00B8DBB0 /* OTAPIRawResponse.swift */ = {isa = PBXFileReference; fileEncoding = 4; lastKnownFileType = sourcecode.swift; name = OTAPIRawResponse.swift; path = OpenTimeSDK/OTAPIRawResponse.swift; sourceTree = "<group>"; };
		03F295361BDD60CB00B8DBB0 /* OTAPIRequestOperationManager.swift */ = {isa = PBXFileReference; fileEncoding = 4; lastKnownFileType = sourcecode.swift; name = OTAPIRequestOperationManager.swift; path = OpenTimeSDK/OTAPIRequestOperationManager.swift; sourceTree = "<group>"; };
		03F295371BDD60CB00B8DBB0 /* OTAPIResponse.swift */ = {isa = PBXFileReference; fileEncoding = 4; lastKnownFileType = sourcecode.swift; name = OTAPIResponse.swift; path = OpenTimeSDK/OTAPIResponse.swift; sourceTree = "<group>"; };
		03F295381BDD60CB00B8DBB0 /* OTDeviceAPI.swift */ = {isa = PBXFileReference; fileEncoding = 4; lastKnownFileType = sourcecode.swift; name = OTDeviceAPI.swift; path = OpenTimeSDK/OTDeviceAPI.swift; sourceTree = "<group>"; };
		03F295391BDD60CB00B8DBB0 /* OTOpenTimeSDK.swift */ = {isa = PBXFileReference; fileEncoding = 4; lastKnownFileType = sourcecode.swift; name = OTOpenTimeSDK.swift; path = OpenTimeSDK/OTOpenTimeSDK.swift; sourceTree = "<group>"; };
		03F2953A1BDD60CB00B8DBB0 /* OTReachability.swift */ = {isa = PBXFileReference; fileEncoding = 4; lastKnownFileType = sourcecode.swift; name = OTReachability.swift; path = OpenTimeSDK/OTReachability.swift; sourceTree = "<group>"; };
		B846C29894A963F70CE79683 /* Pods.framework */ = {isa = PBXFileReference; explicitFileType = wrapper.framework; includeInIndex = 0; path = Pods.framework; sourceTree = BUILT_PRODUCTS_DIR; };
		BCD916D803300B60E49363B6 /* Pods.debug.xcconfig */ = {isa = PBXFileReference; includeInIndex = 1; lastKnownFileType = text.xcconfig; name = Pods.debug.xcconfig; path = "Pods/Target Support Files/Pods/Pods.debug.xcconfig"; sourceTree = "<group>"; };
		DD28808AF859999D505CC26A /* Pods.release.xcconfig */ = {isa = PBXFileReference; includeInIndex = 1; lastKnownFileType = text.xcconfig; name = Pods.release.xcconfig; path = "Pods/Target Support Files/Pods/Pods.release.xcconfig"; sourceTree = "<group>"; };
/* End PBXFileReference section */

/* Begin PBXFrameworksBuildPhase section */
		03A136911BDC57F00005A721 /* Frameworks */ = {
			isa = PBXFrameworksBuildPhase;
			buildActionMask = 2147483647;
			files = (
				CED1E0DC3E80C1E296E9214A /* Pods.framework in Frameworks */,
			);
			runOnlyForDeploymentPostprocessing = 0;
		};
		03A1369C1BDC57F00005A721 /* Frameworks */ = {
			isa = PBXFrameworksBuildPhase;
			buildActionMask = 2147483647;
			files = (
				03A136A01BDC57F00005A721 /* OpenTimeSDK.framework in Frameworks */,
			);
			runOnlyForDeploymentPostprocessing = 0;
		};
/* End PBXFrameworksBuildPhase section */

/* Begin PBXGroup section */
		032A71581C2BA2B900217B03 /* meeting */ = {
			isa = PBXGroup;
			children = (
				032A716F1C2F43C500217B03 /* attendee */,
				032A71661C2EFF1400217B03 /* get */,
				032A715B1C2BA34D00217B03 /* create */,
				032A715E1C2BAB0F00217B03 /* OTMeetingAPI.swift */,
				032A716D1C2F42F400217B03 /* OTMeetingStatusOption.swift */,
			);
			name = meeting;
			sourceTree = "<group>";
		};
		032A715B1C2BA34D00217B03 /* create */ = {
			isa = PBXGroup;
			children = (
				032A71591C2BA2DC00217B03 /* OTCreateMeetingData.swift */,
				032A71601C2BAEB400217B03 /* OTCreateMeetingResponse.swift */,
			);
			name = create;
			sourceTree = "<group>";
		};
		032A71661C2EFF1400217B03 /* get */ = {
			isa = PBXGroup;
			children = (
				032A71641C2EFCBC00217B03 /* OTGetAllMyMeetingsResponse.swift */,
			);
			name = get;
			sourceTree = "<group>";
		};
		032A716F1C2F43C500217B03 /* attendee */ = {
			isa = PBXGroup;
			children = (
				032A71761C2F9C2100217B03 /* set */,
				032A71701C2F43DE00217B03 /* MeetingAttendeeStatusOption.swift */,
				032A71741C2F9B7F00217B03 /* OTMeetingAttendeeAPI.swift */,
			);
			name = attendee;
			sourceTree = "<group>";
		};
		032A71761C2F9C2100217B03 /* set */ = {
			isa = PBXGroup;
			children = (
				032A71771C2F9C3E00217B03 /* OTSetMeetingAttendeeData.swift */,
				032A71791C2F9CA300217B03 /* OTSetMeetingAttendeeResponse.swift */,
			);
			name = set;
			sourceTree = "<group>";
		};
		039C1B9A1C9E0DD50088E15A /* organization */ = {
			isa = PBXGroup;
			children = (
				039C1B9E1C9E0EFE0088E15A /* get */,
				039C1B9C1C9E0E6B0088E15A /* OTOrganizationAPI.swift */,
			);
			name = organization;
			sourceTree = "<group>";
		};
		039C1B9B1C9E0E010088E15A /* apis */ = {
			isa = PBXGroup;
			children = (
				039C1B9A1C9E0DD50088E15A /* organization */,
				03A136E81BDC59860005A721 /* contact */,
				03A136E91BDC59AA0005A721 /* connection */,
				032A71581C2BA2B900217B03 /* meeting */,
				03A136E41BDC59060005A721 /* availability */,
				03A136EC1BDC59EA0005A721 /* person */,
			);
			name = apis;
			sourceTree = "<group>";
		};
		039C1B9E1C9E0EFE0088E15A /* get */ = {
			isa = PBXGroup;
			children = (
				039C1B9F1C9E0F1F0088E15A /* OTGetMyOrganizationsResponse.swift */,
			);
			name = get;
			sourceTree = "<group>";
		};
		03A1368B1BDC57EF0005A721 = {
			isa = PBXGroup;
			children = (
				03A136971BDC57F00005A721 /* OpenTimeSDK */,
				03A136A31BDC57F00005A721 /* OpenTimeSDKTests */,
				03A136961BDC57F00005A721 /* Products */,
				7B9EBE0937C27DE369E18674 /* Pods */,
				BB707A7C0B6250DD1C23A014 /* Frameworks */,
			);
			sourceTree = "<group>";
		};
		03A136961BDC57F00005A721 /* Products */ = {
			isa = PBXGroup;
			children = (
				03A136951BDC57F00005A721 /* OpenTimeSDK.framework */,
				03A1369F1BDC57F00005A721 /* OpenTimeSDKTests.xctest */,
			);
			name = Products;
			sourceTree = "<group>";
		};
		03A136971BDC57F00005A721 /* OpenTimeSDK */ = {
			isa = PBXGroup;
			children = (
				039C1B9B1C9E0E010088E15A /* apis */,
				03A136E31BDC58FA0005A721 /* deserializers */,
				03A1371A1BDD16270005A721 /* helper */,
				03A136FB1BDC62310005A721 /* extension */,
				03A136F51BDC5AC50005A721 /* api */,
				03A1371B1BDD1A070005A721 /* config */,
			);
			path = OpenTimeSDK;
			sourceTree = "<group>";
		};
		03A136A31BDC57F00005A721 /* OpenTimeSDKTests */ = {
			isa = PBXGroup;
			children = (
				03A1370D1BDD15770005A721 /* config */,
				031C70191BFA218E00C79E28 /* TestHelper.swift */,
				039C1BA91C9E25350088E15A /* OTAPITest.swift */,
				03A1370E1BDD159E0005A721 /* OTConnectionAPITest.swift */,
				03A1370F1BDD159E0005A721 /* OTDeviceAPITest.swift */,
				03A137101BDD159E0005A721 /* OTMeetingAPITest.swift */,
				03A137111BDD159E0005A721 /* OTMeetingAttendeeAPITest.swift */,
				03A137121BDD159E0005A721 /* OTPersonAPITest.swift */,
				03A1370B1BDD15680005A721 /* OTAvailabilityAPITest.swift */,
				039C1BA71C9E24A30088E15A /* OTOrganizationAPITest.swift */,
			);
			path = OpenTimeSDKTests;
			sourceTree = "<group>";
		};
		03A136E31BDC58FA0005A721 /* deserializers */ = {
			isa = PBXGroup;
			children = (
				032A718A1C3053F900217B03 /* OTDeserializedMeetingAttendee.swift */,
				032A71881C3053CC00217B03 /* OTDeserializedMeeting.swift */,
				032A71861C3053AC00217B03 /* OTDeserializedLocation.swift */,
				032A71621C2BAFBF00217B03 /* OTDeserializedCreateMeetingResponse.swift */,
				03A137261BDD23E20005A721 /* OTDeserializedConnection.swift */,
				03A137271BDD23E20005A721 /* OTDeserializedConnectionAvailability.swift */,
				03A137281BDD23E20005A721 /* OTDeserializedOneTimeAvailability.swift */,
				03A137291BDD23E20005A721 /* OTDeserializedPerson.swift */,
				031C701B1BFA268E00C79E28 /* OTDeserializedRegisteredPersonData.swift */,
				03BC97D11C35D3EC00E87B54 /* OTDeserializedAvailabilityException.swift */,
				03BC97D51C35DA8F00E87B54 /* OTDeserializedAvailability.swift */,
				039C1BA11C9E107F0088E15A /* OTDeserializedOrganization.swift */,
				039C1BA31C9E12CA0088E15A /* OTDeserializer.swift */,
			);
			name = deserializers;
			path = ..;
			sourceTree = "<group>";
		};
		03A136E41BDC59060005A721 /* availability */ = {
			isa = PBXGroup;
			children = (
				03A136E51BDC592A0005A721 /* remove */,
				03A136E61BDC59330005A721 /* set */,
				03A136E71BDC593A0005A721 /* get */,
				03A137211BDD23E20005A721 /* OTAvailabilityAPI.swift */,
				032A718C1C30541D00217B03 /* AvailabilityStatusOption.swift */,
			);
			name = availability;
			path = ..;
			sourceTree = "<group>";
		};
		03A136E51BDC592A0005A721 /* remove */ = {
			isa = PBXGroup;
			children = (
				03A137381BDD23E20005A721 /* OTRemoveOneTimeAvailability.swift */,
			);
			name = remove;
			sourceTree = "<group>";
		};
		03A136E61BDC59330005A721 /* set */ = {
			isa = PBXGroup;
			children = (
				03A1373C1BDD23E20005A721 /* OTSetOneTimeAvailabilityData.swift */,
			);
			name = set;
			sourceTree = "<group>";
		};
		03A136E71BDC593A0005A721 /* get */ = {
			isa = PBXGroup;
			children = (
				03A1372B1BDD23E20005A721 /* OTGetAllMyAvailabilityResponse.swift */,
			);
			name = get;
			sourceTree = "<group>";
		};
		03A136E81BDC59860005A721 /* contact */ = {
			isa = PBXGroup;
			children = (
				03A137251BDD23E20005A721 /* OTContactInfoData.swift */,
			);
			name = contact;
			path = ..;
			sourceTree = "<group>";
		};
		03A136E91BDC59AA0005A721 /* connection */ = {
			isa = PBXGroup;
			children = (
				03A136EA1BDC59B90005A721 /* get */,
				03A136EB1BDC59BE0005A721 /* set */,
				03A137221BDD23E20005A721 /* OTConnectionAPI.swift */,
				03A137241BDD23E20005A721 /* OTConnectionStatusOption.swift */,
			);
			name = connection;
			path = ..;
			sourceTree = "<group>";
		};
		03A136EA1BDC59B90005A721 /* get */ = {
			isa = PBXGroup;
			children = (
				03A137231BDD23E20005A721 /* OTConnectionsResponse.swift */,
				03A1372C1BDD23E20005A721 /* OTGetConnectionsAvailabilityResponse.swift */,
				03A1372D1BDD23E20005A721 /* OTGetConnectionsWithContactInfoData.swift */,
			);
			name = get;
			sourceTree = "<group>";
		};
		03A136EB1BDC59BE0005A721 /* set */ = {
			isa = PBXGroup;
			children = (
				03A1373A1BDD23E20005A721 /* OTSetConnectionData.swift */,
				03A1373B1BDD23E20005A721 /* OTSetConnectionResponse.swift */,
			);
			name = set;
			sourceTree = "<group>";
		};
		03A136EC1BDC59EA0005A721 /* person */ = {
			isa = PBXGroup;
			children = (
				03E5E46F1C3F9E6600C69840 /* password */,
				03A136ED1BDC59F40005A721 /* register */,
				03A136EE1BDC59FC0005A721 /* signin */,
				03A137351BDD23E20005A721 /* OTPersonValidationHelper.swift */,
				03A137341BDD23E20005A721 /* OTPersonAPI.swift */,
			);
			name = person;
			path = ..;
			sourceTree = "<group>";
		};
		03A136ED1BDC59F40005A721 /* register */ = {
			isa = PBXGroup;
			children = (
				03A1372E1BDD23E20005A721 /* OTNewPersonData.swift */,
				03A137371BDD23E20005A721 /* OTRegisterPersonResponse.swift */,
			);
			name = register;
			sourceTree = "<group>";
		};
		03A136EE1BDC59FC0005A721 /* signin */ = {
			isa = PBXGroup;
			children = (
				03A1373D1BDD23E20005A721 /* OTSigninData.swift */,
				03A1373E1BDD23E20005A721 /* OTSigninResponse.swift */,
			);
			name = signin;
			sourceTree = "<group>";
		};
		03A136F51BDC5AC50005A721 /* api */ = {
			isa = PBXGroup;
			children = (
				03F295341BDD60CB00B8DBB0 /* OTAPIAuthorizedRequestOperationManager.swift */,
				03F295351BDD60CB00B8DBB0 /* OTAPIRawResponse.swift */,
				03F295361BDD60CB00B8DBB0 /* OTAPIRequestOperationManager.swift */,
				03F295371BDD60CB00B8DBB0 /* OTAPIResponse.swift */,
				03F295381BDD60CB00B8DBB0 /* OTDeviceAPI.swift */,
				03F295391BDD60CB00B8DBB0 /* OTOpenTimeSDK.swift */,
				03F2953A1BDD60CB00B8DBB0 /* OTReachability.swift */,
				03F2950B1BDD547100B8DBB0 /* OTTestHelper.swift */,
				03A136FC1BDC65DB0005A721 /* OTConstant.swift */,
			);
			name = api;
			path = ..;
			sourceTree = "<group>";
		};
		03A136FB1BDC62310005A721 /* extension */ = {
			isa = PBXGroup;
			children = (
				03A136F91BDC622A0005A721 /* OTStringExtension.swift */,
				03A136FE1BDC66D40005A721 /* OTArrayExtension.swift */,
			);
			name = extension;
			sourceTree = "<group>";
		};
		03A1370D1BDD15770005A721 /* config */ = {
			isa = PBXGroup;
			children = (
				03A137671BDD2FEB0005A721 /* Config.plist */,
				03A136A61BDC57F00005A721 /* Info.plist */,
				03A1370A1BDD15680005A721 /* OpenTimeSDKTests-Bridging-Header.h */,
				03A137651BDD2BAD0005A721 /* OpenTimeSDKTestConstants.swift */,
			);
			name = config;
			sourceTree = "<group>";
		};
		03A1371A1BDD16270005A721 /* helper */ = {
			isa = PBXGroup;
			children = (
				03A137391BDD23E20005A721 /* OTSerialHelper.swift */,
				03F294DA1BDD435700B8DBB0 /* OTPasswordHelper.swift */,
				03F294DC1BDD437400B8DBB0 /* OTPhoneHelper.swift */,
				03F294DE1BDD438100B8DBB0 /* OTStringHelper.swift */,
				039C1BA51C9E13F70088E15A /* OTDeserializationHelper.swift */,
			);
			name = helper;
			sourceTree = "<group>";
		};
		03A1371B1BDD1A070005A721 /* config */ = {
			isa = PBXGroup;
			children = (
				036D4D221CA1030300B84174 /* cert_invalid.der */,
				036D4D231CA1030300B84174 /* cert.der */,
				03A1372F1BDD23E20005A721 /* OpenTimeAlias.swift */,
				03A136981BDC57F00005A721 /* OpenTimeSDK.h */,
				03A1369A1BDC57F00005A721 /* Info.plist */,
			);
			name = config;
			sourceTree = "<group>";
		};
		03E5E46F1C3F9E6600C69840 /* password */ = {
			isa = PBXGroup;
			children = (
				03E5E4701C3F9E8500C69840 /* OTUpdatePasswordRequest.swift */,
			);
			name = password;
			sourceTree = "<group>";
		};
		7B9EBE0937C27DE369E18674 /* Pods */ = {
			isa = PBXGroup;
			children = (
				BCD916D803300B60E49363B6 /* Pods.debug.xcconfig */,
				DD28808AF859999D505CC26A /* Pods.release.xcconfig */,
			);
			name = Pods;
			sourceTree = "<group>";
		};
		BB707A7C0B6250DD1C23A014 /* Frameworks */ = {
			isa = PBXGroup;
			children = (
				B846C29894A963F70CE79683 /* Pods.framework */,
			);
			name = Frameworks;
			sourceTree = "<group>";
		};
/* End PBXGroup section */

/* Begin PBXHeadersBuildPhase section */
		03A136921BDC57F00005A721 /* Headers */ = {
			isa = PBXHeadersBuildPhase;
			buildActionMask = 2147483647;
			files = (
				03A136991BDC57F00005A721 /* OpenTimeSDK.h in Headers */,
			);
			runOnlyForDeploymentPostprocessing = 0;
		};
/* End PBXHeadersBuildPhase section */

/* Begin PBXNativeTarget section */
		03A136941BDC57F00005A721 /* OpenTimeSDK */ = {
			isa = PBXNativeTarget;
			buildConfigurationList = 03A136A91BDC57F00005A721 /* Build configuration list for PBXNativeTarget "OpenTimeSDK" */;
			buildPhases = (
				9F1E31892A33DAEF5F77BE94 /* Check Pods Manifest.lock */,
				03A136901BDC57F00005A721 /* Sources */,
				03A136911BDC57F00005A721 /* Frameworks */,
				03A136921BDC57F00005A721 /* Headers */,
				03A136931BDC57F00005A721 /* Resources */,
				FB7514E0F02D2525FBDDDEC7 /* Copy Pods Resources */,
			);
			buildRules = (
			);
			dependencies = (
			);
			name = OpenTimeSDK;
			productName = OpenTimeSDK;
			productReference = 03A136951BDC57F00005A721 /* OpenTimeSDK.framework */;
			productType = "com.apple.product-type.framework";
		};
		03A1369E1BDC57F00005A721 /* OpenTimeSDKTests */ = {
			isa = PBXNativeTarget;
			buildConfigurationList = 03A136AC1BDC57F00005A721 /* Build configuration list for PBXNativeTarget "OpenTimeSDKTests" */;
			buildPhases = (
				03A1369B1BDC57F00005A721 /* Sources */,
				03A1369C1BDC57F00005A721 /* Frameworks */,
				03A1369D1BDC57F00005A721 /* Resources */,
			);
			buildRules = (
			);
			dependencies = (
				03A136A21BDC57F00005A721 /* PBXTargetDependency */,
			);
			name = OpenTimeSDKTests;
			productName = OpenTimeSDKTests;
			productReference = 03A1369F1BDC57F00005A721 /* OpenTimeSDKTests.xctest */;
			productType = "com.apple.product-type.bundle.unit-test";
		};
/* End PBXNativeTarget section */

/* Begin PBXProject section */
		03A1368C1BDC57EF0005A721 /* Project object */ = {
			isa = PBXProject;
			attributes = {
				LastSwiftUpdateCheck = 0700;
				LastUpgradeCheck = 0700;
				ORGANIZATIONNAME = "Connecting Open Time, LLC";
				TargetAttributes = {
					03A136941BDC57F00005A721 = {
						CreatedOnToolsVersion = 7.0.1;
					};
					03A1369E1BDC57F00005A721 = {
						CreatedOnToolsVersion = 7.0.1;
					};
				};
			};
			buildConfigurationList = 03A1368F1BDC57EF0005A721 /* Build configuration list for PBXProject "OpenTimeSDK" */;
			compatibilityVersion = "Xcode 3.2";
			developmentRegion = English;
			hasScannedForEncodings = 0;
			knownRegions = (
				en,
			);
			mainGroup = 03A1368B1BDC57EF0005A721;
			productRefGroup = 03A136961BDC57F00005A721 /* Products */;
			projectDirPath = "";
			projectRoot = "";
			targets = (
				03A136941BDC57F00005A721 /* OpenTimeSDK */,
				03A1369E1BDC57F00005A721 /* OpenTimeSDKTests */,
			);
		};
/* End PBXProject section */

/* Begin PBXResourcesBuildPhase section */
		03A136931BDC57F00005A721 /* Resources */ = {
			isa = PBXResourcesBuildPhase;
			buildActionMask = 2147483647;
			files = (
				036D4D241CA1030300B84174 /* cert_invalid.der in Resources */,
				036D4D251CA1030300B84174 /* cert.der in Resources */,
			);
			runOnlyForDeploymentPostprocessing = 0;
		};
		03A1369D1BDC57F00005A721 /* Resources */ = {
			isa = PBXResourcesBuildPhase;
			buildActionMask = 2147483647;
			files = (
				03A137681BDD2FEB0005A721 /* Config.plist in Resources */,
			);
			runOnlyForDeploymentPostprocessing = 0;
		};
/* End PBXResourcesBuildPhase section */

/* Begin PBXShellScriptBuildPhase section */
		9F1E31892A33DAEF5F77BE94 /* Check Pods Manifest.lock */ = {
			isa = PBXShellScriptBuildPhase;
			buildActionMask = 2147483647;
			files = (
			);
			inputPaths = (
			);
			name = "Check Pods Manifest.lock";
			outputPaths = (
			);
			runOnlyForDeploymentPostprocessing = 0;
			shellPath = /bin/sh;
			shellScript = "diff \"${PODS_ROOT}/../Podfile.lock\" \"${PODS_ROOT}/Manifest.lock\" > /dev/null\nif [[ $? != 0 ]] ; then\n    cat << EOM\nerror: The sandbox is not in sync with the Podfile.lock. Run 'pod install' or update your CocoaPods installation.\nEOM\n    exit 1\nfi\n";
			showEnvVarsInLog = 0;
		};
		FB7514E0F02D2525FBDDDEC7 /* Copy Pods Resources */ = {
			isa = PBXShellScriptBuildPhase;
			buildActionMask = 2147483647;
			files = (
			);
			inputPaths = (
			);
			name = "Copy Pods Resources";
			outputPaths = (
			);
			runOnlyForDeploymentPostprocessing = 0;
			shellPath = /bin/sh;
			shellScript = "\"${SRCROOT}/Pods/Target Support Files/Pods/Pods-resources.sh\"\n";
			showEnvVarsInLog = 0;
		};
/* End PBXShellScriptBuildPhase section */

/* Begin PBXSourcesBuildPhase section */
		03A136901BDC57F00005A721 /* Sources */ = {
			isa = PBXSourcesBuildPhase;
			buildActionMask = 2147483647;
			files = (
				03A1374F1BDD23E20005A721 /* OTGetConnectionsAvailabilityResponse.swift in Sources */,
				039C1BA01C9E0F1F0088E15A /* OTGetMyOrganizationsResponse.swift in Sources */,
				03F2953C1BDD60CB00B8DBB0 /* OTAPIRawResponse.swift in Sources */,
				03F295411BDD60CB00B8DBB0 /* OTReachability.swift in Sources */,
				03A1375A1BDD23E20005A721 /* OTRegisterPersonResponse.swift in Sources */,
				03A137501BDD23E20005A721 /* OTGetConnectionsWithContactInfoData.swift in Sources */,
				032A71711C2F43DE00217B03 /* MeetingAttendeeStatusOption.swift in Sources */,
				03F294DF1BDD438100B8DBB0 /* OTStringHelper.swift in Sources */,
				03A137451BDD23E20005A721 /* OTConnectionAPI.swift in Sources */,
				03A1375F1BDD23E20005A721 /* OTSetOneTimeAvailabilityData.swift in Sources */,
				03A1375E1BDD23E20005A721 /* OTSetConnectionResponse.swift in Sources */,
				03BC97D21C35D3EC00E87B54 /* OTDeserializedAvailabilityException.swift in Sources */,
				03F295401BDD60CB00B8DBB0 /* OTOpenTimeSDK.swift in Sources */,
				03A137491BDD23E20005A721 /* OTDeserializedConnection.swift in Sources */,
				03A136FD1BDC65DB0005A721 /* OTConstant.swift in Sources */,
				032A717A1C2F9CA300217B03 /* OTSetMeetingAttendeeResponse.swift in Sources */,
				03A137581BDD23E20005A721 /* OTPersonValidationHelper.swift in Sources */,
				039C1B9D1C9E0E6B0088E15A /* OTOrganizationAPI.swift in Sources */,
				03A1374A1BDD23E20005A721 /* OTDeserializedConnectionAvailability.swift in Sources */,
				032A716E1C2F42F400217B03 /* OTMeetingStatusOption.swift in Sources */,
				03A137461BDD23E20005A721 /* OTConnectionsResponse.swift in Sources */,
				032A71631C2BAFBF00217B03 /* OTDeserializedCreateMeetingResponse.swift in Sources */,
				03BC97D61C35DA8F00E87B54 /* OTDeserializedAvailability.swift in Sources */,
				03A1374B1BDD23E20005A721 /* OTDeserializedOneTimeAvailability.swift in Sources */,
				032A71751C2F9B7F00217B03 /* OTMeetingAttendeeAPI.swift in Sources */,
				03A1375D1BDD23E20005A721 /* OTSetConnectionData.swift in Sources */,
				032A715F1C2BAB0F00217B03 /* OTMeetingAPI.swift in Sources */,
				03A137571BDD23E20005A721 /* OTPersonAPI.swift in Sources */,
				032A71611C2BAEB400217B03 /* OTCreateMeetingResponse.swift in Sources */,
				03A1374E1BDD23E20005A721 /* OTGetAllMyAvailabilityResponse.swift in Sources */,
				032A71871C3053AC00217B03 /* OTDeserializedLocation.swift in Sources */,
				03F294DB1BDD435700B8DBB0 /* OTPasswordHelper.swift in Sources */,
				03A137611BDD23E20005A721 /* OTSigninResponse.swift in Sources */,
				03A137521BDD23E20005A721 /* OpenTimeAlias.swift in Sources */,
				032A715A1C2BA2DC00217B03 /* OTCreateMeetingData.swift in Sources */,
				03F2953D1BDD60CB00B8DBB0 /* OTAPIRequestOperationManager.swift in Sources */,
				03F2953B1BDD60CB00B8DBB0 /* OTAPIAuthorizedRequestOperationManager.swift in Sources */,
				03A1375C1BDD23E20005A721 /* OTSerialHelper.swift in Sources */,
				03A137511BDD23E20005A721 /* OTNewPersonData.swift in Sources */,
				03E5E4711C3F9E8500C69840 /* OTUpdatePasswordRequest.swift in Sources */,
				03A137471BDD23E20005A721 /* OTConnectionStatusOption.swift in Sources */,
				039C1BA41C9E12CA0088E15A /* OTDeserializer.swift in Sources */,
				039C1BA21C9E107F0088E15A /* OTDeserializedOrganization.swift in Sources */,
				032A71891C3053CC00217B03 /* OTDeserializedMeeting.swift in Sources */,
				03A1375B1BDD23E20005A721 /* OTRemoveOneTimeAvailability.swift in Sources */,
				03A136FA1BDC622A0005A721 /* OTStringExtension.swift in Sources */,
				03A137441BDD23E20005A721 /* OTAvailabilityAPI.swift in Sources */,
				03F2953E1BDD60CB00B8DBB0 /* OTAPIResponse.swift in Sources */,
				031C701C1BFA268E00C79E28 /* OTDeserializedRegisteredPersonData.swift in Sources */,
				032A718B1C3053F900217B03 /* OTDeserializedMeetingAttendee.swift in Sources */,
				032A718D1C30541D00217B03 /* AvailabilityStatusOption.swift in Sources */,
				03F294DD1BDD437400B8DBB0 /* OTPhoneHelper.swift in Sources */,
				03A136FF1BDC66D40005A721 /* OTArrayExtension.swift in Sources */,
				03F2950C1BDD547100B8DBB0 /* OTTestHelper.swift in Sources */,
				03F2953F1BDD60CB00B8DBB0 /* OTDeviceAPI.swift in Sources */,
				032A71651C2EFCBC00217B03 /* OTGetAllMyMeetingsResponse.swift in Sources */,
				03A1374C1BDD23E20005A721 /* OTDeserializedPerson.swift in Sources */,
				032A71781C2F9C3E00217B03 /* OTSetMeetingAttendeeData.swift in Sources */,
				039C1BA61C9E13F70088E15A /* OTDeserializationHelper.swift in Sources */,
				03A137481BDD23E20005A721 /* OTContactInfoData.swift in Sources */,
				03A137601BDD23E20005A721 /* OTSigninData.swift in Sources */,
			);
			runOnlyForDeploymentPostprocessing = 0;
		};
		03A1369B1BDC57F00005A721 /* Sources */ = {
			isa = PBXSourcesBuildPhase;
			buildActionMask = 2147483647;
			files = (
				039C1BA81C9E24A30088E15A /* OTOrganizationAPITest.swift in Sources */,
				03A137131BDD159E0005A721 /* OTConnectionAPITest.swift in Sources */,
				03A1370C1BDD15680005A721 /* OTAvailabilityAPITest.swift in Sources */,
				03A137661BDD2BAD0005A721 /* OpenTimeSDKTestConstants.swift in Sources */,
				031C701A1BFA218E00C79E28 /* TestHelper.swift in Sources */,
				03A137161BDD159E0005A721 /* OTMeetingAttendeeAPITest.swift in Sources */,
				03A137151BDD159E0005A721 /* OTMeetingAPITest.swift in Sources */,
				03A137141BDD159E0005A721 /* OTDeviceAPITest.swift in Sources */,
				03A137171BDD159E0005A721 /* OTPersonAPITest.swift in Sources */,
				039C1BAA1C9E25350088E15A /* OTAPITest.swift in Sources */,
			);
			runOnlyForDeploymentPostprocessing = 0;
		};
/* End PBXSourcesBuildPhase section */

/* Begin PBXTargetDependency section */
		03A136A21BDC57F00005A721 /* PBXTargetDependency */ = {
			isa = PBXTargetDependency;
			target = 03A136941BDC57F00005A721 /* OpenTimeSDK */;
			targetProxy = 03A136A11BDC57F00005A721 /* PBXContainerItemProxy */;
		};
/* End PBXTargetDependency section */

/* Begin XCBuildConfiguration section */
		03A136A71BDC57F00005A721 /* Debug */ = {
			isa = XCBuildConfiguration;
			buildSettings = {
				ALWAYS_SEARCH_USER_PATHS = NO;
				CLANG_CXX_LANGUAGE_STANDARD = "gnu++0x";
				CLANG_CXX_LIBRARY = "libc++";
				CLANG_ENABLE_MODULES = YES;
				CLANG_ENABLE_OBJC_ARC = YES;
				CLANG_WARN_BOOL_CONVERSION = YES;
				CLANG_WARN_CONSTANT_CONVERSION = YES;
				CLANG_WARN_DIRECT_OBJC_ISA_USAGE = YES_ERROR;
				CLANG_WARN_EMPTY_BODY = YES;
				CLANG_WARN_ENUM_CONVERSION = YES;
				CLANG_WARN_INT_CONVERSION = YES;
				CLANG_WARN_OBJC_ROOT_CLASS = YES_ERROR;
				CLANG_WARN_UNREACHABLE_CODE = YES;
				CLANG_WARN__DUPLICATE_METHOD_MATCH = YES;
				"CODE_SIGN_IDENTITY[sdk=iphoneos*]" = "iPhone Developer";
				COPY_PHASE_STRIP = NO;
				CURRENT_PROJECT_VERSION = 1;
				DEBUG_INFORMATION_FORMAT = dwarf;
				ENABLE_STRICT_OBJC_MSGSEND = YES;
				ENABLE_TESTABILITY = YES;
				GCC_C_LANGUAGE_STANDARD = gnu99;
				GCC_DYNAMIC_NO_PIC = NO;
				GCC_NO_COMMON_BLOCKS = YES;
				GCC_OPTIMIZATION_LEVEL = 0;
				GCC_PREPROCESSOR_DEFINITIONS = (
					"DEBUG=1",
					"$(inherited)",
				);
				GCC_WARN_64_TO_32_BIT_CONVERSION = YES;
				GCC_WARN_ABOUT_RETURN_TYPE = YES_ERROR;
				GCC_WARN_UNDECLARED_SELECTOR = YES;
				GCC_WARN_UNINITIALIZED_AUTOS = YES_AGGRESSIVE;
				GCC_WARN_UNUSED_FUNCTION = YES;
				GCC_WARN_UNUSED_VARIABLE = YES;
				IPHONEOS_DEPLOYMENT_TARGET = 8.0;
				MTL_ENABLE_DEBUG_INFO = YES;
				ONLY_ACTIVE_ARCH = YES;
				SDKROOT = iphoneos;
				SWIFT_INCLUDE_PATHS = "";
				SWIFT_OPTIMIZATION_LEVEL = "-Onone";
				TARGETED_DEVICE_FAMILY = "1,2";
				VERSIONING_SYSTEM = "apple-generic";
				VERSION_INFO_PREFIX = "";
			};
			name = Debug;
		};
		03A136A81BDC57F00005A721 /* Release */ = {
			isa = XCBuildConfiguration;
			buildSettings = {
				ALWAYS_SEARCH_USER_PATHS = NO;
				CLANG_CXX_LANGUAGE_STANDARD = "gnu++0x";
				CLANG_CXX_LIBRARY = "libc++";
				CLANG_ENABLE_MODULES = YES;
				CLANG_ENABLE_OBJC_ARC = YES;
				CLANG_WARN_BOOL_CONVERSION = YES;
				CLANG_WARN_CONSTANT_CONVERSION = YES;
				CLANG_WARN_DIRECT_OBJC_ISA_USAGE = YES_ERROR;
				CLANG_WARN_EMPTY_BODY = YES;
				CLANG_WARN_ENUM_CONVERSION = YES;
				CLANG_WARN_INT_CONVERSION = YES;
				CLANG_WARN_OBJC_ROOT_CLASS = YES_ERROR;
				CLANG_WARN_UNREACHABLE_CODE = YES;
				CLANG_WARN__DUPLICATE_METHOD_MATCH = YES;
				"CODE_SIGN_IDENTITY[sdk=iphoneos*]" = "iPhone Developer";
				COPY_PHASE_STRIP = NO;
				CURRENT_PROJECT_VERSION = 1;
				DEBUG_INFORMATION_FORMAT = "dwarf-with-dsym";
				ENABLE_NS_ASSERTIONS = NO;
				ENABLE_STRICT_OBJC_MSGSEND = YES;
				GCC_C_LANGUAGE_STANDARD = gnu99;
				GCC_NO_COMMON_BLOCKS = YES;
				GCC_WARN_64_TO_32_BIT_CONVERSION = YES;
				GCC_WARN_ABOUT_RETURN_TYPE = YES_ERROR;
				GCC_WARN_UNDECLARED_SELECTOR = YES;
				GCC_WARN_UNINITIALIZED_AUTOS = YES_AGGRESSIVE;
				GCC_WARN_UNUSED_FUNCTION = YES;
				GCC_WARN_UNUSED_VARIABLE = YES;
				IPHONEOS_DEPLOYMENT_TARGET = 8.0;
				MTL_ENABLE_DEBUG_INFO = NO;
				SDKROOT = iphoneos;
				SWIFT_INCLUDE_PATHS = "";
				TARGETED_DEVICE_FAMILY = "1,2";
				VALIDATE_PRODUCT = YES;
				VERSIONING_SYSTEM = "apple-generic";
				VERSION_INFO_PREFIX = "";
			};
			name = Release;
		};
		03A136AA1BDC57F00005A721 /* Debug */ = {
			isa = XCBuildConfiguration;
			baseConfigurationReference = BCD916D803300B60E49363B6 /* Pods.debug.xcconfig */;
			buildSettings = {
				CLANG_ENABLE_MODULES = YES;
				DEFINES_MODULE = YES;
				DYLIB_COMPATIBILITY_VERSION = 1;
				DYLIB_CURRENT_VERSION = 1;
				DYLIB_INSTALL_NAME_BASE = "@rpath";
				INFOPLIST_FILE = OpenTimeSDK/Info.plist;
				INSTALL_PATH = "$(LOCAL_LIBRARY_DIR)/Frameworks";
				LD_RUNPATH_SEARCH_PATHS = "$(inherited) @executable_path/Frameworks @loader_path/Frameworks";
				PRODUCT_BUNDLE_IDENTIFIER = OpenTime.OpenTimeSDK;
				PRODUCT_NAME = "$(TARGET_NAME)";
				SKIP_INSTALL = YES;
				SWIFT_INCLUDE_PATHS = CommonCrypto;
				SWIFT_OPTIMIZATION_LEVEL = "-Onone";
			};
			name = Debug;
		};
		03A136AB1BDC57F00005A721 /* Release */ = {
			isa = XCBuildConfiguration;
			baseConfigurationReference = DD28808AF859999D505CC26A /* Pods.release.xcconfig */;
			buildSettings = {
				CLANG_ENABLE_MODULES = YES;
				DEFINES_MODULE = YES;
				DYLIB_COMPATIBILITY_VERSION = 1;
				DYLIB_CURRENT_VERSION = 1;
				DYLIB_INSTALL_NAME_BASE = "@rpath";
				INFOPLIST_FILE = OpenTimeSDK/Info.plist;
				INSTALL_PATH = "$(LOCAL_LIBRARY_DIR)/Frameworks";
				LD_RUNPATH_SEARCH_PATHS = "$(inherited) @executable_path/Frameworks @loader_path/Frameworks";
				PRODUCT_BUNDLE_IDENTIFIER = OpenTime.OpenTimeSDK;
				PRODUCT_NAME = "$(TARGET_NAME)";
				SKIP_INSTALL = YES;
				SWIFT_INCLUDE_PATHS = CommonCrypto;
			};
			name = Release;
		};
		03A136AD1BDC57F00005A721 /* Debug */ = {
			isa = XCBuildConfiguration;
			buildSettings = {
				CLANG_ENABLE_MODULES = YES;
				INFOPLIST_FILE = OpenTimeSDKTests/Info.plist;
				LD_RUNPATH_SEARCH_PATHS = "$(inherited) @executable_path/Frameworks @loader_path/Frameworks";
				PRODUCT_BUNDLE_IDENTIFIER = OpenTime.OpenTimeSDKTests;
				PRODUCT_NAME = "$(TARGET_NAME)";
				SWIFT_OBJC_BRIDGING_HEADER = "OpenTimeSDKTests/OpenTimeSDKTests-Bridging-Header.h";
				SWIFT_OPTIMIZATION_LEVEL = "-Onone";
			};
			name = Debug;
		};
		03A136AE1BDC57F00005A721 /* Release */ = {
			isa = XCBuildConfiguration;
			buildSettings = {
				CLANG_ENABLE_MODULES = YES;
				INFOPLIST_FILE = OpenTimeSDKTests/Info.plist;
				LD_RUNPATH_SEARCH_PATHS = "$(inherited) @executable_path/Frameworks @loader_path/Frameworks";
				PRODUCT_BUNDLE_IDENTIFIER = OpenTime.OpenTimeSDKTests;
				PRODUCT_NAME = "$(TARGET_NAME)";
				SWIFT_OBJC_BRIDGING_HEADER = "OpenTimeSDKTests/OpenTimeSDKTests-Bridging-Header.h";
			};
			name = Release;
		};
/* End XCBuildConfiguration section */

/* Begin XCConfigurationList section */
		03A1368F1BDC57EF0005A721 /* Build configuration list for PBXProject "OpenTimeSDK" */ = {
			isa = XCConfigurationList;
			buildConfigurations = (
				03A136A71BDC57F00005A721 /* Debug */,
				03A136A81BDC57F00005A721 /* Release */,
			);
			defaultConfigurationIsVisible = 0;
			defaultConfigurationName = Release;
		};
		03A136A91BDC57F00005A721 /* Build configuration list for PBXNativeTarget "OpenTimeSDK" */ = {
			isa = XCConfigurationList;
			buildConfigurations = (
				03A136AA1BDC57F00005A721 /* Debug */,
				03A136AB1BDC57F00005A721 /* Release */,
			);
			defaultConfigurationIsVisible = 0;
			defaultConfigurationName = Release;
		};
		03A136AC1BDC57F00005A721 /* Build configuration list for PBXNativeTarget "OpenTimeSDKTests" */ = {
			isa = XCConfigurationList;
			buildConfigurations = (
				03A136AD1BDC57F00005A721 /* Debug */,
				03A136AE1BDC57F00005A721 /* Release */,
			);
			defaultConfigurationIsVisible = 0;
			defaultConfigurationName = Release;
		};
/* End XCConfigurationList section */
	};
	rootObject = 03A1368C1BDC57EF0005A721 /* Project object */;
}
